<?xml version="1.0" encoding="UTF-8" standalone="yes" ?>
<CodeBlocks_project_file>
	<FileVersion major="1" minor="6" />
	<Project>
		<Option title="PONG" />
		<Option pch_mode="2" />
		<Option compiler="gcc" />
		<Build>
			<Target title="Debug">
				<Option output="bin/Debug/PONG" prefix_auto="1" extension_auto="1" />
				<Option object_output="obj/Debug/" />
				<Option type="1" />
				<Option compiler="gcc" />
				<Compiler>
					<Add option="-g" />
				</Compiler>
			</Target>
			<Target title="Release">
				<Option output="bin/Release/PONG" prefix_auto="1" extension_auto="1" />
				<Option object_output="obj/Release/" />
				<Option type="0" />
				<Option compiler="gcc" />
				<Compiler>
					<Add option="-O2" />
				</Compiler>
				<Linker>
					<Add option="-s" />
				</Linker>
			</Target>
		</Build>
		<Compiler>
			<Add option="-Wall" />
		</Compiler>
		<Unit filename="PONG.depend" />
		<Unit filename="PONG.layout" />
		<Unit filename="PausedRed.png" />
		<Unit filename="Roboto/LICENSE.txt" />
		<Unit filename="Roboto/Roboto-Black.ttf" />
		<Unit filename="Roboto/Roboto-BlackItalic.ttf" />
		<Unit filename="Roboto/Roboto-Bold.ttf" />
		<Unit filename="Roboto/Roboto-BoldItalic.ttf" />
		<Unit filename="Roboto/Roboto-Light.ttf" />
		<Unit filename="Roboto/Roboto-LightItalic.ttf" />
		<Unit filename="Roboto/Roboto-Medium.ttf" />
		<Unit filename="Roboto/Roboto-MediumItalic.ttf" />
		<Unit filename="Roboto/Roboto-Regular.ttf" />
		<Unit filename="Roboto/Roboto-RegularItalic.ttf" />
		<Unit filename="Roboto/Roboto-Thin.ttf" />
		<Unit filename="Roboto/Roboto-ThinItalic.ttf" />
		<Unit filename="bin/Debug/PONG.exe" />
		<Unit filename="bin/Release/PONG.exe" />
		<Unit filename="dvd.png" />
		<Unit filename="libstdc++-6.dll" />
		<Unit filename="main.cpp" />
		<Unit filename="openal32.dll" />
		<Unit filename="sfml-audio-2.dll" />
		<Unit filename="sfml-graphics-2.dll" />
		<Unit filename="sfml-network-2.dll" />
		<Unit filename="sfml-system-2.dll" />
		<Unit filename="sfml-window-2.dll" />
		<Extensions>
			<code_completion />
			<envvars />
			<debugger />
			<lib_finder disable_auto="1" />
		</Extensions>
	</Project>
</CodeBlocks_project_file>
